
Microsoft Visual Studio Solution File, Format Version 12.00
# Visual Studio 15
VisualStudioVersion = 15.0.28307.572
MinimumVisualStudioVersion = 10.0.40219.1
Project("{FAE04EC0-301F-11D3-BF4B-00C04F79EFBC}") = "ProductService", "ProductService\ProductService.csproj", "{7769CE4D-C647-42C3-9DB0-D041BAC290A7}"
EndProject
Project("{FAE04EC0-301F-11D3-BF4B-00C04F79EFBC}") = "ProductManagementSystem", "ProductManagementSystem\ProductManagementSystem.csproj", "{57247E77-9317-4980-A8AF-0563E93141B6}"
EndProject
Project("{FAE04EC0-301F-11D3-BF4B-00C04F79EFBC}") = "UserManagementService", "UserManagementService\UserManagementService.csproj", "{FCF2C15A-A563-436A-AC20-4A71C92A41B4}"
EndProject
Global
	GlobalSection(SolutionConfigurationPlatforms) = preSolution
		Debug|Any CPU = Debug|Any CPU
		Release|Any CPU = Release|Any CPU
	EndGlobalSection
	GlobalSection(ProjectConfigurationPlatforms) = postSolution
		{7769CE4D-C647-42C3-9DB0-D041BAC290A7}.Debug|Any CPU.ActiveCfg = Debug|Any CPU
		{7769CE4D-C647-42C3-9DB0-D041BAC290A7}.Debug|Any CPU.Build.0 = Debug|Any CPU
		{7769CE4D-C647-42C3-9DB0-D041BAC290A7}.Release|Any CPU.ActiveCfg = Release|Any CPU
		{7769CE4D-C647-42C3-9DB0-D041BAC290A7}.Release|Any CPU.Build.0 = Release|Any CPU
		{57247E77-9317-4980-A8AF-0563E93141B6}.Debug|Any CPU.ActiveCfg = Debug|Any CPU
		{57247E77-9317-4980-A8AF-0563E93141B6}.Debug|Any CPU.Build.0 = Debug|Any CPU
		{57247E77-9317-4980-A8AF-0563E93141B6}.Release|Any CPU.ActiveCfg = Release|Any CPU
		{57247E77-9317-4980-A8AF-0563E93141B6}.Release|Any CPU.Build.0 = Release|Any CPU
		{FCF2C15A-A563-436A-AC20-4A71C92A41B4}.Debug|Any CPU.ActiveCfg = Debug|Any CPU
		{FCF2C15A-A563-436A-AC20-4A71C92A41B4}.Debug|Any CPU.Build.0 = Debug|Any CPU
		{FCF2C15A-A563-436A-AC20-4A71C92A41B4}.Release|Any CPU.ActiveCfg = Release|Any CPU
		{FCF2C15A-A563-436A-AC20-4A71C92A41B4}.Release|Any CPU.Build.0 = Release|Any CPU
	EndGlobalSection
	GlobalSection(SolutionProperties) = preSolution
		HideSolutionNode = FALSE
	EndGlobalSection
	GlobalSection(ExtensibilityGlobals) = postSolution
		SolutionGuid = {A0464BFD-4DB8-4EED-8EFC-9E1889FACFF5}
	EndGlobalSection
EndGlobal
